
Microsoft Visual Studio Solution File, Format Version 12.00
# Visual Studio 14
VisualStudioVersion = 14.0.25420.1
MinimumVisualStudioVersion = 10.0.40219.1
Project("{8BC9CEB8-8B4A-11D0-8D11-00A0C91BC942}") = "SEM", "SEM\SEM.vcxproj", "{AD48F339-941F-48F5-ABDD-846DE253C33F}"
EndProject
Project("{8BC9CEB8-8B4A-11D0-8D11-00A0C91BC942}") = "Panel", "Panel\Panel.vcxproj", "{8DC29CF2-2749-4100-9318-996A99E90B78}"
EndProject
Project("{8BC9CEB8-8B4A-11D0-8D11-00A0C91BC942}") = "TextBox", "TextBox\TextBox.vcxproj", "{579F5578-AC14-4A00-AE61-F105BD53E2F8}"
EndProject
Project("{8BC9CEB8-8B4A-11D0-8D11-00A0C91BC942}") = "RadioList", "RadioList\RadioList.vcxproj", "{FE20C6D0-EB55-487B-B2E9-7F7B1744FACA}"
EndProject
Project("{8BC9CEB8-8B4A-11D0-8D11-00A0C91BC942}") = "NumericBox", "NumericBox\NumericBox.vcxproj", "{BD8930B4-1FD8-44C7-90D6-A3CAA3C18641}"
EndProject
Project("{8BC9CEB8-8B4A-11D0-8D11-00A0C91BC942}") = "MessageBox", "MessageBox\MessageBox.vcxproj", "{0539E14F-A11E-4ABF-8946-61EBF0CEA6ED}"
EndProject
Project("{8BC9CEB8-8B4A-11D0-8D11-00A0C91BC942}") = "Label", "Label\Label.vcxproj", "{62B506B1-7DDD-4403-AC3F-475C43552E55}"
EndProject
Project("{8BC9CEB8-8B4A-11D0-8D11-00A0C91BC942}") = "Graphics", "Graphics\Graphics.vcxproj", "{C20F7910-9056-4F7D-8CD4-938D30ECDAB1}"
EndProject
Project("{8BC9CEB8-8B4A-11D0-8D11-00A0C91BC942}") = "Form", "Form\Form.vcxproj", "{7B2DD774-5B35-4D7A-9DB2-8C235EF1883B}"
EndProject
Project("{8BC9CEB8-8B4A-11D0-8D11-00A0C91BC942}") = "EventEngine", "EventEngine\EventEngine.vcxproj", "{55BA4FDA-D960-4127-90E1-5BC55DD657FA}"
EndProject
Project("{8BC9CEB8-8B4A-11D0-8D11-00A0C91BC942}") = "Control", "Control\Control.vcxproj", "{6D08037A-787E-4F93-9413-61C3FCCF4FBC}"
EndProject
Project("{8BC9CEB8-8B4A-11D0-8D11-00A0C91BC942}") = "ComboBox", "ComboBox\ComboBox.vcxproj", "{A70FF35A-3DB3-4A9C-9AAF-55B62C139AF1}"
EndProject
Project("{8BC9CEB8-8B4A-11D0-8D11-00A0C91BC942}") = "Button", "Button\Button.vcxproj", "{0B37FCA7-ED74-4DCD-A9D2-63F90D532335}"
EndProject
Global
	GlobalSection(SolutionConfigurationPlatforms) = preSolution
		Debug|x64 = Debug|x64
		Debug|x86 = Debug|x86
		Release|x64 = Release|x64
		Release|x86 = Release|x86
	EndGlobalSection
	GlobalSection(ProjectConfigurationPlatforms) = postSolution
		{AD48F339-941F-48F5-ABDD-846DE253C33F}.Debug|x64.ActiveCfg = Debug|x64
		{AD48F339-941F-48F5-ABDD-846DE253C33F}.Debug|x64.Build.0 = Debug|x64
		{AD48F339-941F-48F5-ABDD-846DE253C33F}.Debug|x86.ActiveCfg = Debug|Win32
		{AD48F339-941F-48F5-ABDD-846DE253C33F}.Debug|x86.Build.0 = Debug|Win32
		{AD48F339-941F-48F5-ABDD-846DE253C33F}.Release|x64.ActiveCfg = Release|x64
		{AD48F339-941F-48F5-ABDD-846DE253C33F}.Release|x64.Build.0 = Release|x64
		{AD48F339-941F-48F5-ABDD-846DE253C33F}.Release|x86.ActiveCfg = Release|Win32
		{AD48F339-941F-48F5-ABDD-846DE253C33F}.Release|x86.Build.0 = Release|Win32
		{8DC29CF2-2749-4100-9318-996A99E90B78}.Debug|x64.ActiveCfg = Debug|x64
		{8DC29CF2-2749-4100-9318-996A99E90B78}.Debug|x64.Build.0 = Debug|x64
		{8DC29CF2-2749-4100-9318-996A99E90B78}.Debug|x86.ActiveCfg = Debug|Win32
		{8DC29CF2-2749-4100-9318-996A99E90B78}.Debug|x86.Build.0 = Debug|Win32
		{8DC29CF2-2749-4100-9318-996A99E90B78}.Release|x64.ActiveCfg = Release|x64
		{8DC29CF2-2749-4100-9318-996A99E90B78}.Release|x64.Build.0 = Release|x64
		{8DC29CF2-2749-4100-9318-996A99E90B78}.Release|x86.ActiveCfg = Release|Win32
		{8DC29CF2-2749-4100-9318-996A99E90B78}.Release|x86.Build.0 = Release|Win32
		{579F5578-AC14-4A00-AE61-F105BD53E2F8}.Debug|x64.ActiveCfg = Debug|x64
		{579F5578-AC14-4A00-AE61-F105BD53E2F8}.Debug|x64.Build.0 = Debug|x64
		{579F5578-AC14-4A00-AE61-F105BD53E2F8}.Debug|x86.ActiveCfg = Debug|Win32
		{579F5578-AC14-4A00-AE61-F105BD53E2F8}.Debug|x86.Build.0 = Debug|Win32
		{579F5578-AC14-4A00-AE61-F105BD53E2F8}.Release|x64.ActiveCfg = Release|x64
		{579F5578-AC14-4A00-AE61-F105BD53E2F8}.Release|x64.Build.0 = Release|x64
		{579F5578-AC14-4A00-AE61-F105BD53E2F8}.Release|x86.ActiveCfg = Release|Win32
		{579F5578-AC14-4A00-AE61-F105BD53E2F8}.Release|x86.Build.0 = Release|Win32
		{FE20C6D0-EB55-487B-B2E9-7F7B1744FACA}.Debug|x64.ActiveCfg = Debug|x64
		{FE20C6D0-EB55-487B-B2E9-7F7B1744FACA}.Debug|x64.Build.0 = Debug|x64
		{FE20C6D0-EB55-487B-B2E9-7F7B1744FACA}.Debug|x86.ActiveCfg = Debug|Win32
		{FE20C6D0-EB55-487B-B2E9-7F7B1744FACA}.Debug|x86.Build.0 = Debug|Win32
		{FE20C6D0-EB55-487B-B2E9-7F7B1744FACA}.Release|x64.ActiveCfg = Release|x64
		{FE20C6D0-EB55-487B-B2E9-7F7B1744FACA}.Release|x64.Build.0 = Release|x64
		{FE20C6D0-EB55-487B-B2E9-7F7B1744FACA}.Release|x86.ActiveCfg = Release|Win32
		{FE20C6D0-EB55-487B-B2E9-7F7B1744FACA}.Release|x86.Build.0 = Release|Win32
		{BD8930B4-1FD8-44C7-90D6-A3CAA3C18641}.Debug|x64.ActiveCfg = Debug|x64
		{BD8930B4-1FD8-44C7-90D6-A3CAA3C18641}.Debug|x64.Build.0 = Debug|x64
		{BD8930B4-1FD8-44C7-90D6-A3CAA3C18641}.Debug|x86.ActiveCfg = Debug|Win32
		{BD8930B4-1FD8-44C7-90D6-A3CAA3C18641}.Debug|x86.Build.0 = Debug|Win32
		{BD8930B4-1FD8-44C7-90D6-A3CAA3C18641}.Release|x64.ActiveCfg = Release|x64
		{BD8930B4-1FD8-44C7-90D6-A3CAA3C18641}.Release|x64.Build.0 = Release|x64
		{BD8930B4-1FD8-44C7-90D6-A3CAA3C18641}.Release|x86.ActiveCfg = Release|Win32
		{BD8930B4-1FD8-44C7-90D6-A3CAA3C18641}.Release|x86.Build.0 = Release|Win32
		{0539E14F-A11E-4ABF-8946-61EBF0CEA6ED}.Debug|x64.ActiveCfg = Debug|x64
		{0539E14F-A11E-4ABF-8946-61EBF0CEA6ED}.Debug|x64.Build.0 = Debug|x64
		{0539E14F-A11E-4ABF-8946-61EBF0CEA6ED}.Debug|x86.ActiveCfg = Debug|Win32
		{0539E14F-A11E-4ABF-8946-61EBF0CEA6ED}.Debug|x86.Build.0 = Debug|Win32
		{0539E14F-A11E-4ABF-8946-61EBF0CEA6ED}.Release|x64.ActiveCfg = Release|x64
		{0539E14F-A11E-4ABF-8946-61EBF0CEA6ED}.Release|x64.Build.0 = Release|x64
		{0539E14F-A11E-4ABF-8946-61EBF0CEA6ED}.Release|x86.ActiveCfg = Release|Win32
		{0539E14F-A11E-4ABF-8946-61EBF0CEA6ED}.Release|x86.Build.0 = Release|Win32
		{62B506B1-7DDD-4403-AC3F-475C43552E55}.Debug|x64.ActiveCfg = Debug|x64
		{62B506B1-7DDD-4403-AC3F-475C43552E55}.Debug|x64.Build.0 = Debug|x64
		{62B506B1-7DDD-4403-AC3F-475C43552E55}.Debug|x86.ActiveCfg = Debug|Win32
		{62B506B1-7DDD-4403-AC3F-475C43552E55}.Debug|x86.Build.0 = Debug|Win32
		{62B506B1-7DDD-4403-AC3F-475C43552E55}.Release|x64.ActiveCfg = Release|x64
		{62B506B1-7DDD-4403-AC3F-475C43552E55}.Release|x64.Build.0 = Release|x64
		{62B506B1-7DDD-4403-AC3F-475C43552E55}.Release|x86.ActiveCfg = Release|Win32
		{62B506B1-7DDD-4403-AC3F-475C43552E55}.Release|x86.Build.0 = Release|Win32
		{C20F7910-9056-4F7D-8CD4-938D30ECDAB1}.Debug|x64.ActiveCfg = Debug|x64
		{C20F7910-9056-4F7D-8CD4-938D30ECDAB1}.Debug|x64.Build.0 = Debug|x64
		{C20F7910-9056-4F7D-8CD4-938D30ECDAB1}.Debug|x86.ActiveCfg = Debug|Win32
		{C20F7910-9056-4F7D-8CD4-938D30ECDAB1}.Debug|x86.Build.0 = Debug|Win32
		{C20F7910-9056-4F7D-8CD4-938D30ECDAB1}.Release|x64.ActiveCfg = Release|x64
		{C20F7910-9056-4F7D-8CD4-938D30ECDAB1}.Release|x64.Build.0 = Release|x64
		{C20F7910-9056-4F7D-8CD4-938D30ECDAB1}.Release|x86.ActiveCfg = Release|Win32
		{C20F7910-9056-4F7D-8CD4-938D30ECDAB1}.Release|x86.Build.0 = Release|Win32
		{7B2DD774-5B35-4D7A-9DB2-8C235EF1883B}.Debug|x64.ActiveCfg = Debug|x64
		{7B2DD774-5B35-4D7A-9DB2-8C235EF1883B}.Debug|x64.Build.0 = Debug|x64
		{7B2DD774-5B35-4D7A-9DB2-8C235EF1883B}.Debug|x86.ActiveCfg = Debug|Win32
		{7B2DD774-5B35-4D7A-9DB2-8C235EF1883B}.Debug|x86.Build.0 = Debug|Win32
		{7B2DD774-5B35-4D7A-9DB2-8C235EF1883B}.Release|x64.ActiveCfg = Release|x64
		{7B2DD774-5B35-4D7A-9DB2-8C235EF1883B}.Release|x64.Build.0 = Release|x64
		{7B2DD774-5B35-4D7A-9DB2-8C235EF1883B}.Release|x86.ActiveCfg = Release|Win32
		{7B2DD774-5B35-4D7A-9DB2-8C235EF1883B}.Release|x86.Build.0 = Release|Win32
		{55BA4FDA-D960-4127-90E1-5BC55DD657FA}.Debug|x64.ActiveCfg = Debug|x64
		{55BA4FDA-D960-4127-90E1-5BC55DD657FA}.Debug|x64.Build.0 = Debug|x64
		{55BA4FDA-D960-4127-90E1-5BC55DD657FA}.Debug|x86.ActiveCfg = Debug|Win32
		{55BA4FDA-D960-4127-90E1-5BC55DD657FA}.Debug|x86.Build.0 = Debug|Win32
		{55BA4FDA-D960-4127-90E1-5BC55DD657FA}.Release|x64.ActiveCfg = Release|x64
		{55BA4FDA-D960-4127-90E1-5BC55DD657FA}.Release|x64.Build.0 = Release|x64
		{55BA4FDA-D960-4127-90E1-5BC55DD657FA}.Release|x86.ActiveCfg = Release|Win32
		{55BA4FDA-D960-4127-90E1-5BC55DD657FA}.Release|x86.Build.0 = Release|Win32
		{6D08037A-787E-4F93-9413-61C3FCCF4FBC}.Debug|x64.ActiveCfg = Debug|x64
		{6D08037A-787E-4F93-9413-61C3FCCF4FBC}.Debug|x64.Build.0 = Debug|x64
		{6D08037A-787E-4F93-9413-61C3FCCF4FBC}.Debug|x86.ActiveCfg = Debug|Win32
		{6D08037A-787E-4F93-9413-61C3FCCF4FBC}.Debug|x86.Build.0 = Debug|Win32
		{6D08037A-787E-4F93-9413-61C3FCCF4FBC}.Release|x64.ActiveCfg = Release|x64
		{6D08037A-787E-4F93-9413-61C3FCCF4FBC}.Release|x64.Build.0 = Release|x64
		{6D08037A-787E-4F93-9413-61C3FCCF4FBC}.Release|x86.ActiveCfg = Release|Win32
		{6D08037A-787E-4F93-9413-61C3FCCF4FBC}.Release|x86.Build.0 = Release|Win32
		{A70FF35A-3DB3-4A9C-9AAF-55B62C139AF1}.Debug|x64.ActiveCfg = Debug|x64
		{A70FF35A-3DB3-4A9C-9AAF-55B62C139AF1}.Debug|x64.Build.0 = Debug|x64
		{A70FF35A-3DB3-4A9C-9AAF-55B62C139AF1}.Debug|x86.ActiveCfg = Debug|Win32
		{A70FF35A-3DB3-4A9C-9AAF-55B62C139AF1}.Debug|x86.Build.0 = Debug|Win32
		{A70FF35A-3DB3-4A9C-9AAF-55B62C139AF1}.Release|x64.ActiveCfg = Release|x64
		{A70FF35A-3DB3-4A9C-9AAF-55B62C139AF1}.Release|x64.Build.0 = Release|x64
		{A70FF35A-3DB3-4A9C-9AAF-55B62C139AF1}.Release|x86.ActiveCfg = Release|Win32
		{A70FF35A-3DB3-4A9C-9AAF-55B62C139AF1}.Release|x86.Build.0 = Release|Win32
		{0B37FCA7-ED74-4DCD-A9D2-63F90D532335}.Debug|x64.ActiveCfg = Debug|x64
		{0B37FCA7-ED74-4DCD-A9D2-63F90D532335}.Debug|x64.Build.0 = Debug|x64
		{0B37FCA7-ED74-4DCD-A9D2-63F90D532335}.Debug|x86.ActiveCfg = Debug|Win32
		{0B37FCA7-ED74-4DCD-A9D2-63F90D532335}.Debug|x86.Build.0 = Debug|Win32
		{0B37FCA7-ED74-4DCD-A9D2-63F90D532335}.Release|x64.ActiveCfg = Release|x64
		{0B37FCA7-ED74-4DCD-A9D2-63F90D532335}.Release|x64.Build.0 = Release|x64
		{0B37FCA7-ED74-4DCD-A9D2-63F90D532335}.Release|x86.ActiveCfg = Release|Win32
		{0B37FCA7-ED74-4DCD-A9D2-63F90D532335}.Release|x86.Build.0 = Release|Win32
	EndGlobalSection
	GlobalSection(SolutionProperties) = preSolution
		HideSolutionNode = FALSE
	EndGlobalSection
EndGlobal
